// !$*UTF8*$!
{
	archiveVersion = 1;
	classes = {
	};
	objectVersion = 50;
	objects = {

/* Begin PBXBuildFile section */
		76AA1FEC228B3D8E000086E4 /* AppDelegate.swift in Sources */ = {isa = PBXBuildFile; fileRef = 76AA1FEB228B3D8E000086E4 /* AppDelegate.swift */; };
		76AA1FEE228B3D8E000086E4 /* ViewController.swift in Sources */ = {isa = PBXBuildFile; fileRef = 76AA1FED228B3D8E000086E4 /* ViewController.swift */; };
		76AA1FF1228B3D8E000086E4 /* Main.storyboard in Resources */ = {isa = PBXBuildFile; fileRef = 76AA1FEF228B3D8E000086E4 /* Main.storyboard */; };
		76AA1FF3228B3D90000086E4 /* Assets.xcassets in Resources */ = {isa = PBXBuildFile; fileRef = 76AA1FF2228B3D90000086E4 /* Assets.xcassets */; };
		76AA1FF6228B3D90000086E4 /* LaunchScreen.storyboard in Resources */ = {isa = PBXBuildFile; fileRef = 76AA1FF4228B3D90000086E4 /* LaunchScreen.storyboard */; };
/* End PBXBuildFile section */

/* Begin PBXFileReference section */
		76AA1FE8228B3D8E000086E4 /* GB_iOS_UI_Course.app */ = {isa = PBXFileReference; explicitFileType = wrapper.application; includeInIndex = 0; path = GB_iOS_UI_Course.app; sourceTree = BUILT_PRODUCTS_DIR; };
		76AA1FEB228B3D8E000086E4 /* AppDelegate.swift */ = {isa = PBXFileReference; lastKnownFileType = sourcecode.swift; path = AppDelegate.swift; sourceTree = "<group>"; };
		76AA1FED228B3D8E000086E4 /* ViewController.swift */ = {isa = PBXFileReference; lastKnownFileType = sourcecode.swift; path = ViewController.swift; sourceTree = "<group>"; };
		76AA1FF0228B3D8E000086E4 /* Base */ = {isa = PBXFileReference; lastKnownFileType = file.storyboard; name = Base; path = Base.lproj/Main.storyboard; sourceTree = "<group>"; };
		76AA1FF2228B3D90000086E4 /* Assets.xcassets */ = {isa = PBXFileReference; lastKnownFileType = folder.assetcatalog; path = Assets.xcassets; sourceTree = "<group>"; };
		76AA1FF5228B3D90000086E4 /* Base */ = {isa = PBXFileReference; lastKnownFileType = file.storyboard; name = Base; path = Base.lproj/LaunchScreen.storyboard; sourceTree = "<group>"; };
		76AA1FF7228B3D90000086E4 /* Info.plist */ = {isa = PBXFileReference; lastKnownFileType = text.plist.xml; path = Info.plist; sourceTree = "<group>"; };
/* End PBXFileReference section */

/* Begin PBXFrameworksBuildPhase section */
		76AA1FE5228B3D8E000086E4 /* Frameworks */ = {
			isa = PBXFrameworksBuildPhase;
			buildActionMask = 2147483647;
			files = (
			);
			runOnlyForDeploymentPostprocessing = 0;
		};
/* End PBXFrameworksBuildPhase section */

/* Begin PBXGroup section */
		76AA1FDF228B3D8E000086E4 = {
			isa = PBXGroup;
			children = (
				76AA1FEA228B3D8E000086E4 /* GB_iOS_UI_Course */,
				76AA1FE9228B3D8E000086E4 /* Products */,
			);
			sourceTree = "<group>";
		};
		76AA1FE9228B3D8E000086E4 /* Products */ = {
			isa = PBXGroup;
			children = (
				76AA1FE8228B3D8E000086E4 /* GB_iOS_UI_Course.app */,
			);
			name = Products;
			sourceTree = "<group>";
		};
		76AA1FEA228B3D8E000086E4 /* GB_iOS_UI_Course */ = {
			isa = PBXGroup;
			children = (
				76AA1FEB228B3D8E000086E4 /* AppDelegate.swift */,
				76AA1FED228B3D8E000086E4 /* ViewController.swift */,
				76AA1FEF228B3D8E000086E4 /* Main.storyboard */,
				76AA1FF2228B3D90000086E4 /* Assets.xcassets */,
				76AA1FF4228B3D90000086E4 /* LaunchScreen.storyboard */,
				76AA1FF7228B3D90000086E4 /* Info.plist */,
			);
			path = GB_iOS_UI_Course;
			sourceTree = "<group>";
		};
/* End PBXGroup section */

/* Begin PBXNativeTarget section */
		76AA1FE7228B3D8E000086E4 /* GB_iOS_UI_Course */ = {
			isa = PBXNativeTarget;
			buildConfigurationList = 76AA1FFA228B3D90000086E4 /* Build configuration list for PBXNativeTarget "GB_iOS_UI_Course" */;
			buildPhases = (
				76AA1FE4228B3D8E000086E4 /* Sources */,
				76AA1FE5228B3D8E000086E4 /* Frameworks */,
				76AA1FE6228B3D8E000086E4 /* Resources */,
			);
			buildRules = (
			);
			dependencies = (
			);
			name = GB_iOS_UI_Course;
			productName = GB_iOS_UI_Course;
			productReference = 76AA1FE8228B3D8E000086E4 /* GB_iOS_UI_Course.app */;
			productType = "com.apple.product-type.application";
		};
/* End PBXNativeTarget section */

/* Begin PBXProject section */
		76AA1FE0228B3D8E000086E4 /* Project object */ = {
			isa = PBXProject;
			attributes = {
				LastSwiftUpdateCheck = 1020;
				LastUpgradeCheck = 1020;
				ORGANIZATIONNAME = "Alexander Lezin";
				TargetAttributes = {
					76AA1FE7228B3D8E000086E4 = {
						CreatedOnToolsVersion = 10.2.1;
					};
				};
			};
			buildConfigurationList = 76AA1FE3228B3D8E000086E4 /* Build configuration list for PBXProject "GB_iOS_UI_Course" */;
			compatibilityVersion = "Xcode 9.3";
			developmentRegion = en;
			hasScannedForEncodings = 0;
			knownRegions = (
				en,
				Base,
			);
			mainGroup = 76AA1FDF228B3D8E000086E4;
			productRefGroup = 76AA1FE9228B3D8E000086E4 /* Products */;
			projectDirPath = "";
			projectRoot = "";
			targets = (
				76AA1FE7228B3D8E000086E4 /* GB_iOS_UI_Course */,
			);
		};
/* End PBXProject section */

/* Begin PBXResourcesBuildPhase section */
		76AA1FE6228B3D8E000086E4 /* Resources */ = {
			isa = PBXResourcesBuildPhase;
			buildActionMask = 2147483647;
			files = (
				76AA1FF6228B3D90000086E4 /* LaunchScreen.storyboard in Resources */,
				76AA1FF3228B3D90000086E4 /* Assets.xcassets in Resources */,
				76AA1FF1228B3D8E000086E4 /* Main.storyboard in Resources */,
			);
			runOnlyForDeploymentPostprocessing = 0;
		};
/* End PBXResourcesBuildPhase section */

/* Begin PBXSourcesBuildPhase section */
		76AA1FE4228B3D8E000086E4 /* Sources */ = {
			isa = PBXSourcesBuildPhase;
			buildActionMask = 2147483647;
			files = (
				76AA1FEE228B3D8E000086E4 /* ViewController.swift in Sources */,
				76AA1FEC228B3D8E000086E4 /* AppDelegate.swift in Sources */,
			);
			runOnlyForDeploymentPostprocessing = 0;
		};
/* End PBXSourcesBuildPhase section */

/* Begin PBXVariantGroup section */
		76AA1FEF228B3D8E000086E4 /* Main.storyboard */ = {
			isa = PBXVariantGroup;
			children = (
				76AA1FF0228B3D8E000086E4 /* Base */,
			);
			name = Main.storyboard;
			sourceTree = "<group>";
		};
		76AA1FF4228B3D90000086E4 /* LaunchScreen.storyboard */ = {
			isa = PBXVariantGroup;
			children = (
				76AA1FF5228B3D90000086E4 /* Base */,
			);
			name = LaunchScreen.storyboard;
			sourceTree = "<group>";
		};
/* End PBXVariantGroup section */

/* Begin XCBuildConfiguration section */
		76AA1FF8228B3D90000086E4 /* Debug */ = {
			isa = XCBuildConfiguration;
			buildSettings = {
				ALWAYS_SEARCH_USER_PATHS = NO;
				CLANG_ANALYZER_NONNULL = YES;
				CLANG_ANALYZER_NUMBER_OBJECT_CONVERSION = YES_AGGRESSIVE;
				CLANG_CXX_LANGUAGE_STANDARD = "gnu++14";
				CLANG_CXX_LIBRARY = "libc++";
				CLANG_ENABLE_MODULES = YES;
				CLANG_ENABLE_OBJC_ARC = YES;
				CLANG_ENABLE_OBJC_WEAK = YES;
				CLANG_WARN_BLOCK_CAPTURE_AUTORELEASING = YES;
				CLANG_WARN_BOOL_CONVERSION = YES;
				CLANG_WARN_COMMA = YES;
				CLANG_WARN_CONSTANT_CONVERSION = YES;
				CLANG_WARN_DEPRECATED_OBJC_IMPLEMENTATIONS = YES;
				CLANG_WARN_DIRECT_OBJC_ISA_USAGE = YES_ERROR;
				CLANG_WARN_DOCUMENTATION_COMMENTS = YES;
				CLANG_WARN_EMPTY_BODY = YES;
				CLANG_WARN_ENUM_CONVERSION = YES;
				CLANG_WARN_INFINITE_RECURSION = YES;
				CLANG_WARN_INT_CONVERSION = YES;
				CLANG_WARN_NON_LITERAL_NULL_CONVERSION = YES;
				CLANG_WARN_OBJC_IMPLICIT_RETAIN_SELF = YES;
				CLANG_WARN_OBJC_LITERAL_CONVERSION = YES;
				CLANG_WARN_OBJC_ROOT_CLASS = YES_ERROR;
				CLANG_WARN_RANGE_LOOP_ANALYSIS = YES;
				CLANG_WARN_STRICT_PROTOTYPES = YES;
				CLANG_WARN_SUSPICIOUS_MOVE = YES;
				CLANG_WARN_UNGUARDED_AVAILABILITY = YES_AGGRESSIVE;
				CLANG_WARN_UNREACHABLE_CODE = YES;
				CLANG_WARN__DUPLICATE_METHOD_MATCH = YES;
				CODE_SIGN_IDENTITY = "iPhone Developer";
				COPY_PHASE_STRIP = NO;
				DEBUG_INFORMATION_FORMAT = dwarf;
				ENABLE_STRICT_OBJC_MSGSEND = YES;
				ENABLE_TESTABILITY = YES;
				GCC_C_LANGUAGE_STANDARD = gnu11;
				GCC_DYNAMIC_NO_PIC = NO;
				GCC_NO_COMMON_BLOCKS = YES;
				GCC_OPTIMIZATION_LEVEL = 0;
				GCC_PREPROCESSOR_DEFINITIONS = (
					"DEBUG=1",
					"$(inherited)",
				);
				GCC_WARN_64_TO_32_BIT_CONVERSION = YES;
				GCC_WARN_ABOUT_RETURN_TYPE = YES_ERROR;
				GCC_WARN_UNDECLARED_SELECTOR = YES;
				GCC_WARN_UNINITIALIZED_AUTOS = YES_AGGRESSIVE;
				GCC_WARN_UNUSED_FUNCTION = YES;
				GCC_WARN_UNUSED_VARIABLE = YES;
				IPHONEOS_DEPLOYMENT_TARGET = 12.2;
				MTL_ENABLE_DEBUG_INFO = INCLUDE_SOURCE;
				MTL_FAST_MATH = YES;
				ONLY_ACTIVE_ARCH = YES;
				SDKROOT = iphoneos;
				SWIFT_ACTIVE_COMPILATION_CONDITIONS = DEBUG;
				SWIFT_OPTIMIZATION_LEVEL = "-Onone";
			};
			name = Debug;
		};
		76AA1FF9228B3D90000086E4 /* Release */ = {
			isa = XCBuildConfiguration;
			buildSettings = {
				ALWAYS_SEARCH_USER_PATHS = NO;
				CLANG_ANALYZER_NONNULL = YES;
				CLANG_ANALYZER_NUMBER_OBJECT_CONVERSION = YES_AGGRESSIVE;
				CLANG_CXX_LANGUAGE_STANDARD = "gnu++14";
				CLANG_CXX_LIBRARY = "libc++";
				CLANG_ENABLE_MODULES = YES;
				CLANG_ENABLE_OBJC_ARC = YES;
				CLANG_ENABLE_OBJC_WEAK = YES;
				CLANG_WARN_BLOCK_CAPTURE_AUTORELEASING = YES;
				CLANG_WARN_BOOL_CONVERSION = YES;
				CLANG_WARN_COMMA = YES;
				CLANG_WARN_CONSTANT_CONVERSION = YES;
				CLANG_WARN_DEPRECATED_OBJC_IMPLEMENTATIONS = YES;
				CLANG_WARN_DIRECT_OBJC_ISA_USAGE = YES_ERROR;
				CLANG_WARN_DOCUMENTATION_COMMENTS = YES;
				CLANG_WARN_EMPTY_BODY = YES;
				CLANG_WARN_ENUM_CONVERSION = YES;
				CLANG_WARN_INFINITE_RECURSION = YES;
				CLANG_WARN_INT_CONVERSION = YES;
				CLANG_WARN_NON_LITERAL_NULL_CONVERSION = YES;
				CLANG_WARN_OBJC_IMPLICIT_RETAIN_SELF = YES;
				CLANG_WARN_OBJC_LITERAL_CONVERSION = YES;
				CLANG_WARN_OBJC_ROOT_CLASS = YES_ERROR;
				CLANG_WARN_RANGE_LOOP_ANALYSIS = YES;
				CLANG_WARN_STRICT_PROTOTYPES = YES;
				CLANG_WARN_SUSPICIOUS_MOVE = YES;
				CLANG_WARN_UNGUARDED_AVAILABILITY = YES_AGGRESSIVE;
				CLANG_WARN_UNREACHABLE_CODE = YES;
				CLANG_WARN__DUPLICATE_METHOD_MATCH = YES;
				CODE_SIGN_IDENTITY = "iPhone Developer";
				COPY_PHASE_STRIP = NO;
				DEBUG_INFORMATION_FORMAT = "dwarf-with-dsym";
				ENABLE_NS_ASSERTIONS = NO;
				ENABLE_STRICT_OBJC_MSGSEND = YES;
				GCC_C_LANGUAGE_STANDARD = gnu11;
				GCC_NO_COMMON_BLOCKS = YES;
				GCC_WARN_64_TO_32_BIT_CONVERSION = YES;
				GCC_WARN_ABOUT_RETURN_TYPE = YES_ERROR;
				GCC_WARN_UNDECLARED_SELECTOR = YES;
				GCC_WARN_UNINITIALIZED_AUTOS = YES_AGGRESSIVE;
				GCC_WARN_UNUSED_FUNCTION = YES;
				GCC_WARN_UNUSED_VARIABLE = YES;
				IPHONEOS_DEPLOYMENT_TARGET = 12.2;
				MTL_ENABLE_DEBUG_INFO = NO;
				MTL_FAST_MATH = YES;
				SDKROOT = iphoneos;
				SWIFT_COMPILATION_MODE = wholemodule;
				SWIFT_OPTIMIZATION_LEVEL = "-O";
				VALIDATE_PRODUCT = YES;
			};
			name = Release;
		};
		76AA1FFB228B3D90000086E4 /* Debug */ = {
			isa = XCBuildConfiguration;
			buildSettings = {
				ASSETCATALOG_COMPILER_APPICON_NAME = AppIcon;
				CODE_SIGN_STYLE = Automatic;
				INFOPLIST_FILE = GB_iOS_UI_Course/Info.plist;
				LD_RUNPATH_SEARCH_PATHS = (
					"$(inherited)",
					"@executable_path/Frameworks",
				);
				PRODUCT_BUNDLE_IDENTIFIER = "kizevetter.GB-iOS-UI-Course";
				PRODUCT_NAME = "$(TARGET_NAME)";
				SWIFT_VERSION = 5.0;
				TARGETED_DEVICE_FAMILY = "1,2";
			};
			name = Debug;
		};
		76AA1FFC228B3D90000086E4 /* Release */ = {
			isa = XCBuildConfiguration;
			buildSettings = {
				ASSETCATALOG_COMPILER_APPICON_NAME = AppIcon;
				CODE_SIGN_STYLE = Automatic;
				INFOPLIST_FILE = GB_iOS_UI_Course/Info.plist;
				LD_RUNPATH_SEARCH_PATHS = (
					"$(inherited)",
					"@executable_path/Frameworks",
				);
				PRODUCT_BUNDLE_IDENTIFIER = "kizevetter.GB-iOS-UI-Course";
				PRODUCT_NAME = "$(TARGET_NAME)";
				SWIFT_VERSION = 5.0;
				TARGETED_DEVICE_FAMILY = "1,2";
			};
			name = Release;
		};
/* End XCBuildConfiguration section */

/* Begin XCConfigurationList section */
		76AA1FE3228B3D8E000086E4 /* Build configuration list for PBXProject "GB_iOS_UI_Course" */ = {
			isa = XCConfigurationList;
			buildConfigurations = (
				76AA1FF8228B3D90000086E4 /* Debug */,
				76AA1FF9228B3D90000086E4 /* Release */,
			);
			defaultConfigurationIsVisible = 0;
			defaultConfigurationName = Release;
		};
		76AA1FFA228B3D90000086E4 /* Build configuration list for PBXNativeTarget "GB_iOS_UI_Course" */ = {
			isa = XCConfigurationList;
			buildConfigurations = (
				76AA1FFB228B3D90000086E4 /* Debug */,
				76AA1FFC228B3D90000086E4 /* Release */,
			);
			defaultConfigurationIsVisible = 0;
			defaultConfigurationName = Release;
		};
/* End XCConfigurationList section */
	};
	rootObject = 76AA1FE0228B3D8E000086E4 /* Project object */;
}
